
Microsoft Visual Studio Solution File, Format Version 12.00
# Visual Studio Version 16
VisualStudioVersion = 16.0.30611.23
MinimumVisualStudioVersion = 10.0.40219.1
Project("{8BC9CEB8-8B4A-11D0-8D11-00A0C91BC942}") = "1_basic_code", "1_basic_code\1_basic_code.vcxproj", "{7B961B9F-C16A-4729-BFB8-7FA5885AAB96}"
EndProject
Project("{8BC9CEB8-8B4A-11D0-8D11-00A0C91BC942}") = "2_create_instance", "2_create_instance\2_create_instance.vcxproj", "{35CDA0B7-0A19-4DCA-9116-60214C2C8B35}"
EndProject
Project("{8BC9CEB8-8B4A-11D0-8D11-00A0C91BC942}") = "3_validate_layers", "3_validate_layers\3_validate_layers.vcxproj", "{D1640F45-6A21-46BD-9FDC-15EED3A806EE}"
EndProject
Global
	GlobalSection(SolutionConfigurationPlatforms) = preSolution
		Debug|x64 = Debug|x64
		Debug|x86 = Debug|x86
		Release|x64 = Release|x64
		Release|x86 = Release|x86
	EndGlobalSection
	GlobalSection(ProjectConfigurationPlatforms) = postSolution
		{7B961B9F-C16A-4729-BFB8-7FA5885AAB96}.Debug|x64.ActiveCfg = Debug|x64
		{7B961B9F-C16A-4729-BFB8-7FA5885AAB96}.Debug|x64.Build.0 = Debug|x64
		{7B961B9F-C16A-4729-BFB8-7FA5885AAB96}.Debug|x86.ActiveCfg = Debug|Win32
		{7B961B9F-C16A-4729-BFB8-7FA5885AAB96}.Debug|x86.Build.0 = Debug|Win32
		{7B961B9F-C16A-4729-BFB8-7FA5885AAB96}.Release|x64.ActiveCfg = Release|x64
		{7B961B9F-C16A-4729-BFB8-7FA5885AAB96}.Release|x64.Build.0 = Release|x64
		{7B961B9F-C16A-4729-BFB8-7FA5885AAB96}.Release|x86.ActiveCfg = Release|Win32
		{7B961B9F-C16A-4729-BFB8-7FA5885AAB96}.Release|x86.Build.0 = Release|Win32
		{35CDA0B7-0A19-4DCA-9116-60214C2C8B35}.Debug|x64.ActiveCfg = Debug|x64
		{35CDA0B7-0A19-4DCA-9116-60214C2C8B35}.Debug|x64.Build.0 = Debug|x64
		{35CDA0B7-0A19-4DCA-9116-60214C2C8B35}.Debug|x86.ActiveCfg = Debug|Win32
		{35CDA0B7-0A19-4DCA-9116-60214C2C8B35}.Debug|x86.Build.0 = Debug|Win32
		{35CDA0B7-0A19-4DCA-9116-60214C2C8B35}.Release|x64.ActiveCfg = Release|x64
		{35CDA0B7-0A19-4DCA-9116-60214C2C8B35}.Release|x64.Build.0 = Release|x64
		{35CDA0B7-0A19-4DCA-9116-60214C2C8B35}.Release|x86.ActiveCfg = Release|Win32
		{35CDA0B7-0A19-4DCA-9116-60214C2C8B35}.Release|x86.Build.0 = Release|Win32
		{D1640F45-6A21-46BD-9FDC-15EED3A806EE}.Debug|x64.ActiveCfg = Debug|x64
		{D1640F45-6A21-46BD-9FDC-15EED3A806EE}.Debug|x64.Build.0 = Debug|x64
		{D1640F45-6A21-46BD-9FDC-15EED3A806EE}.Debug|x86.ActiveCfg = Debug|Win32
		{D1640F45-6A21-46BD-9FDC-15EED3A806EE}.Debug|x86.Build.0 = Debug|Win32
		{D1640F45-6A21-46BD-9FDC-15EED3A806EE}.Release|x64.ActiveCfg = Release|x64
		{D1640F45-6A21-46BD-9FDC-15EED3A806EE}.Release|x64.Build.0 = Release|x64
		{D1640F45-6A21-46BD-9FDC-15EED3A806EE}.Release|x86.ActiveCfg = Release|Win32
		{D1640F45-6A21-46BD-9FDC-15EED3A806EE}.Release|x86.Build.0 = Release|Win32
	EndGlobalSection
	GlobalSection(SolutionProperties) = preSolution
		HideSolutionNode = FALSE
	EndGlobalSection
	GlobalSection(ExtensibilityGlobals) = postSolution
		SolutionGuid = {EB37062F-5AD3-49FA-8B1A-805D4A3CBD9C}
	EndGlobalSection
EndGlobal
